
Microsoft Visual Studio Solution File, Format Version 12.00
# Visual Studio Version 17
VisualStudioVersion = 17.3.32929.385
MinimumVisualStudioVersion = 10.0.40219.1
Project("{FAE04EC0-301F-11D3-BF4B-00C04F79EFBC}") = "FilesAndDirectory", "FilesAndDirectory.csproj", "{D49E3692-6B55-46E2-8352-42E7129C3452}"
EndProject
Global
	GlobalSection(SolutionConfigurationPlatforms) = preSolution
		Debug|Any CPU = Debug|Any CPU
		Release|Any CPU = Release|Any CPU
	EndGlobalSection
	GlobalSection(ProjectConfigurationPlatforms) = postSolution
		{D49E3692-6B55-46E2-8352-42E7129C3452}.Debug|Any CPU.ActiveCfg = Debug|Any CPU
		{D49E3692-6B55-46E2-8352-42E7129C3452}.Debug|Any CPU.Build.0 = Debug|Any CPU
		{D49E3692-6B55-46E2-8352-42E7129C3452}.Release|Any CPU.ActiveCfg = Release|Any CPU
		{D49E3692-6B55-46E2-8352-42E7129C3452}.Release|Any CPU.Build.0 = Release|Any CPU
	EndGlobalSection
	GlobalSection(SolutionProperties) = preSolution
		HideSolutionNode = FALSE
	EndGlobalSection
	GlobalSection(ExtensibilityGlobals) = postSolution
		SolutionGuid = {335BDA62-DD8C-4FF9-9171-427665FB0B94}
	EndGlobalSection
EndGlobal
